
Microsoft Visual Studio Solution File, Format Version 12.00
# Visual Studio Version 17
VisualStudioVersion = 17.14.36015.10 d17.14
MinimumVisualStudioVersion = 10.0.40219.1
Project("{F184B08F-C81C-45F6-A57F-5ABD9991F28F}") = "Payroll System", "Payroll System\Payroll System.vbproj", "{9624B536-D0EC-40D8-AA4F-FC7095EA8F60}"
EndProject
Global
	GlobalSection(SolutionConfigurationPlatforms) = preSolution
		Debug|Any CPU = Debug|Any CPU
		Release|Any CPU = Release|Any CPU
	EndGlobalSection
	GlobalSection(ProjectConfigurationPlatforms) = postSolution
		{9624B536-D0EC-40D8-AA4F-FC7095EA8F60}.Debug|Any CPU.ActiveCfg = Debug|Any CPU
		{9624B536-D0EC-40D8-AA4F-FC7095EA8F60}.Debug|Any CPU.Build.0 = Debug|Any CPU
		{9624B536-D0EC-40D8-AA4F-FC7095EA8F60}.Release|Any CPU.ActiveCfg = Release|Any CPU
		{9624B536-D0EC-40D8-AA4F-FC7095EA8F60}.Release|Any CPU.Build.0 = Release|Any CPU
	EndGlobalSection
	GlobalSection(SolutionProperties) = preSolution
		HideSolutionNode = FALSE
	EndGlobalSection
	GlobalSection(ExtensibilityGlobals) = postSolution
		SolutionGuid = {CA5C5758-45DD-4FE8-85FA-71BDF8F0C528}
	EndGlobalSection
EndGlobal
